// !$*UTF8*$!
{
	archiveVersion = 1;
	classes = {
	};
	objectVersion = 46;
	objects = {

/* Begin PBXBuildFile section */
		05B971AF1804BE3100BCD658 /* Foundation.framework in Frameworks */ = {isa = PBXBuildFile; fileRef = 05B971AE1804BE3100BCD658 /* Foundation.framework */; };
		05B971B11804BE3100BCD658 /* CoreGraphics.framework in Frameworks */ = {isa = PBXBuildFile; fileRef = 05B971B01804BE3100BCD658 /* CoreGraphics.framework */; };
		05B971B31804BE3100BCD658 /* UIKit.framework in Frameworks */ = {isa = PBXBuildFile; fileRef = 05B971B21804BE3100BCD658 /* UIKit.framework */; };
		05B971B91804BE3100BCD658 /* InfoPlist.strings in Resources */ = {isa = PBXBuildFile; fileRef = 05B971B71804BE3100BCD658 /* InfoPlist.strings */; };
		05B971BB1804BE3100BCD658 /* main.m in Sources */ = {isa = PBXBuildFile; fileRef = 05B971BA1804BE3100BCD658 /* main.m */; };
		05B971BF1804BE3100BCD658 /* TCAppDelegate.m in Sources */ = {isa = PBXBuildFile; fileRef = 05B971BE1804BE3100BCD658 /* TCAppDelegate.m */; };
		05B971C11804BE3100BCD658 /* Images.xcassets in Resources */ = {isa = PBXBuildFile; fileRef = 05B971C01804BE3100BCD658 /* Images.xcassets */; };
		05B971C81804BE3100BCD658 /* XCTest.framework in Frameworks */ = {isa = PBXBuildFile; fileRef = 05B971C71804BE3100BCD658 /* XCTest.framework */; };
		05B971C91804BE3100BCD658 /* Foundation.framework in Frameworks */ = {isa = PBXBuildFile; fileRef = 05B971AE1804BE3100BCD658 /* Foundation.framework */; };
		05B971CA1804BE3100BCD658 /* UIKit.framework in Frameworks */ = {isa = PBXBuildFile; fileRef = 05B971B21804BE3100BCD658 /* UIKit.framework */; };
		05B971D21804BE3100BCD658 /* InfoPlist.strings in Resources */ = {isa = PBXBuildFile; fileRef = 05B971D01804BE3100BCD658 /* InfoPlist.strings */; };
		05B971D41804BE3100BCD658 /* FonsterTests.m in Sources */ = {isa = PBXBuildFile; fileRef = 05B971D31804BE3100BCD658 /* FonsterTests.m */; };
		05B971DF1804BE5400BCD658 /* TCWindow.m in Sources */ = {isa = PBXBuildFile; fileRef = 05B971DE1804BE5400BCD658 /* TCWindow.m */; };
		05B971E11804BF0300BCD658 /* TCBrowser.storyboard in Resources */ = {isa = PBXBuildFile; fileRef = 05B971E01804BF0300BCD658 /* TCBrowser.storyboard */; };
		05B971E41804C02100BCD658 /* TCBrowserViewController.m in Sources */ = {isa = PBXBuildFile; fileRef = 05B971E31804C02100BCD658 /* TCBrowserViewController.m */; };
		05E8BB6818060425005E8899 /* TCWindowManager.m in Sources */ = {isa = PBXBuildFile; fileRef = 05E8BB6718060425005E8899 /* TCWindowManager.m */; };
		05E8BB7F1806C462005E8899 /* TCDVDirectoryWatcher.m in Sources */ = {isa = PBXBuildFile; fileRef = 05E8BB6E1806C462005E8899 /* TCDVDirectoryWatcher.m */; };
		05E8BB801806C462005E8899 /* TCDocumentViewerController.m in Sources */ = {isa = PBXBuildFile; fileRef = 05E8BB701806C462005E8899 /* TCDocumentViewerController.m */; };
		05E8BB811806C462005E8899 /* GenericDocumentIcon.png in Resources */ = {isa = PBXBuildFile; fileRef = 05E8BB721806C462005E8899 /* GenericDocumentIcon.png */; };
		05E8BB821806C462005E8899 /* GenericFolderIcon.png in Resources */ = {isa = PBXBuildFile; fileRef = 05E8BB731806C462005E8899 /* GenericFolderIcon.png */; };
		05E8BB831806C462005E8899 /* GenericImageIcon.png in Resources */ = {isa = PBXBuildFile; fileRef = 05E8BB741806C462005E8899 /* GenericImageIcon.png */; };
		05E8BB841806C462005E8899 /* GenericMovieIcon.png in Resources */ = {isa = PBXBuildFile; fileRef = 05E8BB751806C462005E8899 /* GenericMovieIcon.png */; };
		05E8BB851806C462005E8899 /* GenericTextIcon.png in Resources */ = {isa = PBXBuildFile; fileRef = 05E8BB761806C462005E8899 /* GenericTextIcon.png */; };
		05E8BB861806C462005E8899 /* TCDirectoryViewController.m in Sources */ = {isa = PBXBuildFile; fileRef = 05E8BB781806C462005E8899 /* TCDirectoryViewController.m */; };
		05E8BB871806C462005E8899 /* TCImageViewerController.m in Sources */ = {isa = PBXBuildFile; fileRef = 05E8BB7A1806C462005E8899 /* TCImageViewerController.m */; };
		05E8BB881806C462005E8899 /* TCTextViewerController.m in Sources */ = {isa = PBXBuildFile; fileRef = 05E8BB7C1806C462005E8899 /* TCTextViewerController.m */; };
		05E8BB891806C462005E8899 /* TCVideoViewerController.m in Sources */ = {isa = PBXBuildFile; fileRef = 05E8BB7E1806C462005E8899 /* TCVideoViewerController.m */; };
		05E8BB8E1806C56E005E8899 /* TCDesktopViewController.m in Sources */ = {isa = PBXBuildFile; fileRef = 05E8BB8C1806C56E005E8899 /* TCDesktopViewController.m */; };
		05E8BB911806C70A005E8899 /* TCDesktopIconCell.xib in Resources */ = {isa = PBXBuildFile; fileRef = 05E8BB901806C70A005E8899 /* TCDesktopIconCell.xib */; };
		05E8BB981806D652005E8899 /* GenericDeviceIcon.png in Resources */ = {isa = PBXBuildFile; fileRef = 05E8BB961806D652005E8899 /* GenericDeviceIcon.png */; };
		05E8BB991806D652005E8899 /* GenericDeviceIcon~ipad.png in Resources */ = {isa = PBXBuildFile; fileRef = 05E8BB971806D652005E8899 /* GenericDeviceIcon~ipad.png */; };
		05E8BB9B180DB23F005E8899 /* HomeIcon.png in Resources */ = {isa = PBXBuildFile; fileRef = 05E8BB9A180DB23F005E8899 /* HomeIcon.png */; };
		05E8BB9D180DB7E7005E8899 /* TextEdit.png in Resources */ = {isa = PBXBuildFile; fileRef = 05E8BB9C180DB7E7005E8899 /* TextEdit.png */; };
		05E8BB9F180DB88B005E8899 /* Desktop.jpg in Resources */ = {isa = PBXBuildFile; fileRef = 05E8BB9E180DB88B005E8899 /* Desktop.jpg */; };
		05FBEB321A25150E0098D57B /* TCTaskbar.m in Sources */ = {isa = PBXBuildFile; fileRef = 05FBEB301A25150E0098D57B /* TCTaskbar.m */; };
/* End PBXBuildFile section */

/* Begin PBXContainerItemProxy section */
		05B971CB1804BE3100BCD658 /* PBXContainerItemProxy */ = {
			isa = PBXContainerItemProxy;
			containerPortal = 05B971A31804BE3100BCD658 /* Project object */;
			proxyType = 1;
			remoteGlobalIDString = 05B971AA1804BE3100BCD658;
			remoteInfo = Fonster;
		};
/* End PBXContainerItemProxy section */

/* Begin PBXFileReference section */
		05B971AB1804BE3100BCD658 /* Fonster.app */ = {isa = PBXFileReference; explicitFileType = wrapper.application; includeInIndex = 0; path = Fonster.app; sourceTree = BUILT_PRODUCTS_DIR; };
		05B971AE1804BE3100BCD658 /* Foundation.framework */ = {isa = PBXFileReference; lastKnownFileType = wrapper.framework; name = Foundation.framework; path = System/Library/Frameworks/Foundation.framework; sourceTree = SDKROOT; };
		05B971B01804BE3100BCD658 /* CoreGraphics.framework */ = {isa = PBXFileReference; lastKnownFileType = wrapper.framework; name = CoreGraphics.framework; path = System/Library/Frameworks/CoreGraphics.framework; sourceTree = SDKROOT; };
		05B971B21804BE3100BCD658 /* UIKit.framework */ = {isa = PBXFileReference; lastKnownFileType = wrapper.framework; name = UIKit.framework; path = System/Library/Frameworks/UIKit.framework; sourceTree = SDKROOT; };
		05B971B61804BE3100BCD658 /* Fonster-Info.plist */ = {isa = PBXFileReference; lastKnownFileType = text.plist.xml; path = "Fonster-Info.plist"; sourceTree = "<group>"; };
		05B971B81804BE3100BCD658 /* en */ = {isa = PBXFileReference; lastKnownFileType = text.plist.strings; name = en; path = en.lproj/InfoPlist.strings; sourceTree = "<group>"; };
		05B971BA1804BE3100BCD658 /* main.m */ = {isa = PBXFileReference; lastKnownFileType = sourcecode.c.objc; path = main.m; sourceTree = "<group>"; };
		05B971BC1804BE3100BCD658 /* Fonster-Prefix.pch */ = {isa = PBXFileReference; lastKnownFileType = sourcecode.c.h; path = "Fonster-Prefix.pch"; sourceTree = "<group>"; };
		05B971BD1804BE3100BCD658 /* TCAppDelegate.h */ = {isa = PBXFileReference; lastKnownFileType = sourcecode.c.h; path = TCAppDelegate.h; sourceTree = "<group>"; };
		05B971BE1804BE3100BCD658 /* TCAppDelegate.m */ = {isa = PBXFileReference; lastKnownFileType = sourcecode.c.objc; path = TCAppDelegate.m; sourceTree = "<group>"; };
		05B971C01804BE3100BCD658 /* Images.xcassets */ = {isa = PBXFileReference; lastKnownFileType = folder.assetcatalog; path = Images.xcassets; sourceTree = "<group>"; };
		05B971C61804BE3100BCD658 /* FonsterTests.xctest */ = {isa = PBXFileReference; explicitFileType = wrapper.cfbundle; includeInIndex = 0; path = FonsterTests.xctest; sourceTree = BUILT_PRODUCTS_DIR; };
		05B971C71804BE3100BCD658 /* XCTest.framework */ = {isa = PBXFileReference; lastKnownFileType = wrapper.framework; name = XCTest.framework; path = Library/Frameworks/XCTest.framework; sourceTree = DEVELOPER_DIR; };
		05B971CF1804BE3100BCD658 /* FonsterTests-Info.plist */ = {isa = PBXFileReference; lastKnownFileType = text.plist.xml; path = "FonsterTests-Info.plist"; sourceTree = "<group>"; };
		05B971D11804BE3100BCD658 /* en */ = {isa = PBXFileReference; lastKnownFileType = text.plist.strings; name = en; path = en.lproj/InfoPlist.strings; sourceTree = "<group>"; };
		05B971D31804BE3100BCD658 /* FonsterTests.m */ = {isa = PBXFileReference; lastKnownFileType = sourcecode.c.objc; path = FonsterTests.m; sourceTree = "<group>"; };
		05B971DD1804BE5400BCD658 /* TCWindow.h */ = {isa = PBXFileReference; fileEncoding = 4; lastKnownFileType = sourcecode.c.h; path = TCWindow.h; sourceTree = "<group>"; };
		05B971DE1804BE5400BCD658 /* TCWindow.m */ = {isa = PBXFileReference; fileEncoding = 4; lastKnownFileType = sourcecode.c.objc; path = TCWindow.m; sourceTree = "<group>"; };
		05B971E01804BF0300BCD658 /* TCBrowser.storyboard */ = {isa = PBXFileReference; fileEncoding = 4; lastKnownFileType = file.storyboard; path = TCBrowser.storyboard; sourceTree = "<group>"; };
		05B971E21804C02100BCD658 /* TCBrowserViewController.h */ = {isa = PBXFileReference; fileEncoding = 4; lastKnownFileType = sourcecode.c.h; path = TCBrowserViewController.h; sourceTree = "<group>"; };
		05B971E31804C02100BCD658 /* TCBrowserViewController.m */ = {isa = PBXFileReference; fileEncoding = 4; lastKnownFileType = sourcecode.c.objc; path = TCBrowserViewController.m; sourceTree = "<group>"; };
		05E8BB6618060425005E8899 /* TCWindowManager.h */ = {isa = PBXFileReference; fileEncoding = 4; lastKnownFileType = sourcecode.c.h; path = TCWindowManager.h; sourceTree = "<group>"; };
		05E8BB6718060425005E8899 /* TCWindowManager.m */ = {isa = PBXFileReference; fileEncoding = 4; lastKnownFileType = sourcecode.c.objc; path = TCWindowManager.m; sourceTree = "<group>"; };
		05E8BB6D1806C462005E8899 /* TCDVDirectoryWatcher.h */ = {isa = PBXFileReference; fileEncoding = 4; lastKnownFileType = sourcecode.c.h; path = TCDVDirectoryWatcher.h; sourceTree = "<group>"; };
		05E8BB6E1806C462005E8899 /* TCDVDirectoryWatcher.m */ = {isa = PBXFileReference; fileEncoding = 4; lastKnownFileType = sourcecode.c.objc; path = TCDVDirectoryWatcher.m; sourceTree = "<group>"; };
		05E8BB6F1806C462005E8899 /* TCDocumentViewerController.h */ = {isa = PBXFileReference; fileEncoding = 4; lastKnownFileType = sourcecode.c.h; path = TCDocumentViewerController.h; sourceTree = "<group>"; };
		05E8BB701806C462005E8899 /* TCDocumentViewerController.m */ = {isa = PBXFileReference; fileEncoding = 4; lastKnownFileType = sourcecode.c.objc; path = TCDocumentViewerController.m; sourceTree = "<group>"; };
		05E8BB721806C462005E8899 /* GenericDocumentIcon.png */ = {isa = PBXFileReference; lastKnownFileType = image.png; path = GenericDocumentIcon.png; sourceTree = "<group>"; };
		05E8BB731806C462005E8899 /* GenericFolderIcon.png */ = {isa = PBXFileReference; lastKnownFileType = image.png; path = GenericFolderIcon.png; sourceTree = "<group>"; };
		05E8BB741806C462005E8899 /* GenericImageIcon.png */ = {isa = PBXFileReference; lastKnownFileType = image.png; path = GenericImageIcon.png; sourceTree = "<group>"; };
		05E8BB751806C462005E8899 /* GenericMovieIcon.png */ = {isa = PBXFileReference; lastKnownFileType = image.png; path = GenericMovieIcon.png; sourceTree = "<group>"; };
		05E8BB761806C462005E8899 /* GenericTextIcon.png */ = {isa = PBXFileReference; lastKnownFileType = image.png; path = GenericTextIcon.png; sourceTree = "<group>"; };
		05E8BB771806C462005E8899 /* TCDirectoryViewController.h */ = {isa = PBXFileReference; fileEncoding = 4; lastKnownFileType = sourcecode.c.h; path = TCDirectoryViewController.h; sourceTree = "<group>"; };
		05E8BB781806C462005E8899 /* TCDirectoryViewController.m */ = {isa = PBXFileReference; fileEncoding = 4; lastKnownFileType = sourcecode.c.objc; path = TCDirectoryViewController.m; sourceTree = "<group>"; };
		05E8BB791806C462005E8899 /* TCImageViewerController.h */ = {isa = PBXFileReference; fileEncoding = 4; lastKnownFileType = sourcecode.c.h; path = TCImageViewerController.h; sourceTree = "<group>"; };
		05E8BB7A1806C462005E8899 /* TCImageViewerController.m */ = {isa = PBXFileReference; fileEncoding = 4; lastKnownFileType = sourcecode.c.objc; path = TCImageViewerController.m; sourceTree = "<group>"; };
		05E8BB7B1806C462005E8899 /* TCTextViewerController.h */ = {isa = PBXFileReference; fileEncoding = 4; lastKnownFileType = sourcecode.c.h; path = TCTextViewerController.h; sourceTree = "<group>"; };
		05E8BB7C1806C462005E8899 /* TCTextViewerController.m */ = {isa = PBXFileReference; fileEncoding = 4; lastKnownFileType = sourcecode.c.objc; path = TCTextViewerController.m; sourceTree = "<group>"; };
		05E8BB7D1806C462005E8899 /* TCVideoViewerController.h */ = {isa = PBXFileReference; fileEncoding = 4; lastKnownFileType = sourcecode.c.h; path = TCVideoViewerController.h; sourceTree = "<group>"; };
		05E8BB7E1806C462005E8899 /* TCVideoViewerController.m */ = {isa = PBXFileReference; fileEncoding = 4; lastKnownFileType = sourcecode.c.objc; path = TCVideoViewerController.m; sourceTree = "<group>"; };
		05E8BB8B1806C56E005E8899 /* TCDesktopViewController.h */ = {isa = PBXFileReference; fileEncoding = 4; lastKnownFileType = sourcecode.c.h; path = TCDesktopViewController.h; sourceTree = "<group>"; };
		05E8BB8C1806C56E005E8899 /* TCDesktopViewController.m */ = {isa = PBXFileReference; fileEncoding = 4; lastKnownFileType = sourcecode.c.objc; path = TCDesktopViewController.m; sourceTree = "<group>"; };
		05E8BB901806C70A005E8899 /* TCDesktopIconCell.xib */ = {isa = PBXFileReference; fileEncoding = 4; lastKnownFileType = file.xib; path = TCDesktopIconCell.xib; sourceTree = "<group>"; };
		05E8BB961806D652005E8899 /* GenericDeviceIcon.png */ = {isa = PBXFileReference; lastKnownFileType = image.png; path = GenericDeviceIcon.png; sourceTree = "<group>"; };
		05E8BB971806D652005E8899 /* GenericDeviceIcon~ipad.png */ = {isa = PBXFileReference; lastKnownFileType = image.png; path = "GenericDeviceIcon~ipad.png"; sourceTree = "<group>"; };
		05E8BB9A180DB23F005E8899 /* HomeIcon.png */ = {isa = PBXFileReference; lastKnownFileType = image.png; path = HomeIcon.png; sourceTree = "<group>"; };
		05E8BB9C180DB7E7005E8899 /* TextEdit.png */ = {isa = PBXFileReference; lastKnownFileType = image.png; path = TextEdit.png; sourceTree = "<group>"; };
		05E8BB9E180DB88B005E8899 /* Desktop.jpg */ = {isa = PBXFileReference; lastKnownFileType = image.jpeg; path = Desktop.jpg; sourceTree = "<group>"; };
		05FBEB2F1A25150E0098D57B /* TCTaskbar.h */ = {isa = PBXFileReference; fileEncoding = 4; lastKnownFileType = sourcecode.c.h; path = TCTaskbar.h; sourceTree = "<group>"; };
		05FBEB301A25150E0098D57B /* TCTaskbar.m */ = {isa = PBXFileReference; fileEncoding = 4; lastKnownFileType = sourcecode.c.objc; path = TCTaskbar.m; sourceTree = "<group>"; };
/* End PBXFileReference section */

/* Begin PBXFrameworksBuildPhase section */
		05B971A81804BE3100BCD658 /* Frameworks */ = {
			isa = PBXFrameworksBuildPhase;
			buildActionMask = 2147483647;
			files = (
				05B971B11804BE3100BCD658 /* CoreGraphics.framework in Frameworks */,
				05B971B31804BE3100BCD658 /* UIKit.framework in Frameworks */,
				05B971AF1804BE3100BCD658 /* Foundation.framework in Frameworks */,
			);
			runOnlyForDeploymentPostprocessing = 0;
		};
		05B971C31804BE3100BCD658 /* Frameworks */ = {
			isa = PBXFrameworksBuildPhase;
			buildActionMask = 2147483647;
			files = (
				05B971C81804BE3100BCD658 /* XCTest.framework in Frameworks */,
				05B971CA1804BE3100BCD658 /* UIKit.framework in Frameworks */,
				05B971C91804BE3100BCD658 /* Foundation.framework in Frameworks */,
			);
			runOnlyForDeploymentPostprocessing = 0;
		};
/* End PBXFrameworksBuildPhase section */

/* Begin PBXGroup section */
		05B971A21804BE3100BCD658 = {
			isa = PBXGroup;
			children = (
				05B971B41804BE3100BCD658 /* Fonster */,
				05B971CD1804BE3100BCD658 /* FonsterTests */,
				05B971AD1804BE3100BCD658 /* Frameworks */,
				05B971AC1804BE3100BCD658 /* Products */,
			);
			sourceTree = "<group>";
		};
		05B971AC1804BE3100BCD658 /* Products */ = {
			isa = PBXGroup;
			children = (
				05B971AB1804BE3100BCD658 /* Fonster.app */,
				05B971C61804BE3100BCD658 /* FonsterTests.xctest */,
			);
			name = Products;
			sourceTree = "<group>";
		};
		05B971AD1804BE3100BCD658 /* Frameworks */ = {
			isa = PBXGroup;
			children = (
				05E8BB6B1806C462005E8899 /* TCFileViewer */,
				05B971AE1804BE3100BCD658 /* Foundation.framework */,
				05B971B01804BE3100BCD658 /* CoreGraphics.framework */,
				05B971B21804BE3100BCD658 /* UIKit.framework */,
				05B971C71804BE3100BCD658 /* XCTest.framework */,
			);
			name = Frameworks;
			sourceTree = "<group>";
		};
		05B971B41804BE3100BCD658 /* Fonster */ = {
			isa = PBXGroup;
			children = (
				05B971BD1804BE3100BCD658 /* TCAppDelegate.h */,
				05B971BE1804BE3100BCD658 /* TCAppDelegate.m */,
				05E8BB961806D652005E8899 /* GenericDeviceIcon.png */,
				05E8BB971806D652005E8899 /* GenericDeviceIcon~ipad.png */,
				05E8BB9A180DB23F005E8899 /* HomeIcon.png */,
				05E8BB9C180DB7E7005E8899 /* TextEdit.png */,
				05E8BB6918060E2E005E8899 /* Window management */,
				05E8BB6A18060E35005E8899 /* App contents */,
				05E8BB8A1806C545005E8899 /* Desktop */,
				05B971C01804BE3100BCD658 /* Images.xcassets */,
				05B971B51804BE3100BCD658 /* Supporting Files */,
			);
			path = Fonster;
			sourceTree = "<group>";
		};
		05B971B51804BE3100BCD658 /* Supporting Files */ = {
			isa = PBXGroup;
			children = (
				05B971B61804BE3100BCD658 /* Fonster-Info.plist */,
				05B971B71804BE3100BCD658 /* InfoPlist.strings */,
				05B971BA1804BE3100BCD658 /* main.m */,
				05B971BC1804BE3100BCD658 /* Fonster-Prefix.pch */,
			);
			name = "Supporting Files";
			sourceTree = "<group>";
		};
		05B971CD1804BE3100BCD658 /* FonsterTests */ = {
			isa = PBXGroup;
			children = (
				05B971D31804BE3100BCD658 /* FonsterTests.m */,
				05B971CE1804BE3100BCD658 /* Supporting Files */,
			);
			path = FonsterTests;
			sourceTree = "<group>";
		};
		05B971CE1804BE3100BCD658 /* Supporting Files */ = {
			isa = PBXGroup;
			children = (
				05B971CF1804BE3100BCD658 /* FonsterTests-Info.plist */,
				05B971D01804BE3100BCD658 /* InfoPlist.strings */,
			);
			name = "Supporting Files";
			sourceTree = "<group>";
		};
		05E8BB6918060E2E005E8899 /* Window management */ = {
			isa = PBXGroup;
			children = (
				05E8BB6618060425005E8899 /* TCWindowManager.h */,
				05E8BB6718060425005E8899 /* TCWindowManager.m */,
				05B971DD1804BE5400BCD658 /* TCWindow.h */,
				05B971DE1804BE5400BCD658 /* TCWindow.m */,
				05FBEB2F1A25150E0098D57B /* TCTaskbar.h */,
				05FBEB301A25150E0098D57B /* TCTaskbar.m */,
			);
			name = "Window management";
			sourceTree = "<group>";
		};
		05E8BB6A18060E35005E8899 /* App contents */ = {
			isa = PBXGroup;
			children = (
				05B971E21804C02100BCD658 /* TCBrowserViewController.h */,
				05B971E31804C02100BCD658 /* TCBrowserViewController.m */,
				05B971E01804BF0300BCD658 /* TCBrowser.storyboard */,
			);
			name = "App contents";
			sourceTree = "<group>";
		};
		05E8BB6B1806C462005E8899 /* TCFileViewer */ = {
			isa = PBXGroup;
			children = (
				05E8BB6C1806C462005E8899 /* Extras */,
				05E8BB6F1806C462005E8899 /* TCDocumentViewerController.h */,
				05E8BB701806C462005E8899 /* TCDocumentViewerController.m */,
				05E8BB711806C462005E8899 /* Viewers */,
			);
			name = TCFileViewer;
			path = Libraries/TCFileViewer/TCFileViewer;
			sourceTree = "<group>";
		};
		05E8BB6C1806C462005E8899 /* Extras */ = {
			isa = PBXGroup;
			children = (
				05E8BB6D1806C462005E8899 /* TCDVDirectoryWatcher.h */,
				05E8BB6E1806C462005E8899 /* TCDVDirectoryWatcher.m */,
			);
			path = Extras;
			sourceTree = "<group>";
		};
		05E8BB711806C462005E8899 /* Viewers */ = {
			isa = PBXGroup;
			children = (
				05E8BB721806C462005E8899 /* GenericDocumentIcon.png */,
				05E8BB731806C462005E8899 /* GenericFolderIcon.png */,
				05E8BB741806C462005E8899 /* GenericImageIcon.png */,
				05E8BB751806C462005E8899 /* GenericMovieIcon.png */,
				05E8BB761806C462005E8899 /* GenericTextIcon.png */,
				05E8BB771806C462005E8899 /* TCDirectoryViewController.h */,
				05E8BB781806C462005E8899 /* TCDirectoryViewController.m */,
				05E8BB791806C462005E8899 /* TCImageViewerController.h */,
				05E8BB7A1806C462005E8899 /* TCImageViewerController.m */,
				05E8BB7B1806C462005E8899 /* TCTextViewerController.h */,
				05E8BB7C1806C462005E8899 /* TCTextViewerController.m */,
				05E8BB7D1806C462005E8899 /* TCVideoViewerController.h */,
				05E8BB7E1806C462005E8899 /* TCVideoViewerController.m */,
			);
			path = Viewers;
			sourceTree = "<group>";
		};
		05E8BB8A1806C545005E8899 /* Desktop */ = {
			isa = PBXGroup;
			children = (
				05E8BB9E180DB88B005E8899 /* Desktop.jpg */,
				05E8BB8B1806C56E005E8899 /* TCDesktopViewController.h */,
				05E8BB8C1806C56E005E8899 /* TCDesktopViewController.m */,
				05E8BB901806C70A005E8899 /* TCDesktopIconCell.xib */,
			);
			name = Desktop;
			sourceTree = "<group>";
		};
/* End PBXGroup section */

/* Begin PBXNativeTarget section */
		05B971AA1804BE3100BCD658 /* Fonster */ = {
			isa = PBXNativeTarget;
			buildConfigurationList = 05B971D71804BE3100BCD658 /* Build configuration list for PBXNativeTarget "Fonster" */;
			buildPhases = (
				05B971A71804BE3100BCD658 /* Sources */,
				05B971A81804BE3100BCD658 /* Frameworks */,
				05B971A91804BE3100BCD658 /* Resources */,
			);
			buildRules = (
			);
			dependencies = (
			);
			name = Fonster;
			productName = Fonster;
			productReference = 05B971AB1804BE3100BCD658 /* Fonster.app */;
			productType = "com.apple.product-type.application";
		};
		05B971C51804BE3100BCD658 /* FonsterTests */ = {
			isa = PBXNativeTarget;
			buildConfigurationList = 05B971DA1804BE3100BCD658 /* Build configuration list for PBXNativeTarget "FonsterTests" */;
			buildPhases = (
				05B971C21804BE3100BCD658 /* Sources */,
				05B971C31804BE3100BCD658 /* Frameworks */,
				05B971C41804BE3100BCD658 /* Resources */,
			);
			buildRules = (
			);
			dependencies = (
				05B971CC1804BE3100BCD658 /* PBXTargetDependency */,
			);
			name = FonsterTests;
			productName = FonsterTests;
			productReference = 05B971C61804BE3100BCD658 /* FonsterTests.xctest */;
			productType = "com.apple.product-type.bundle.unit-test";
		};
/* End PBXNativeTarget section */

/* Begin PBXProject section */
		05B971A31804BE3100BCD658 /* Project object */ = {
			isa = PBXProject;
			attributes = {
				CLASSPREFIX = TC;
				LastUpgradeCheck = 0500;
				ORGANIZATIONNAME = ThirdCog;
				TargetAttributes = {
					05B971AA1804BE3100BCD658 = {
						DevelopmentTeam = M4Q2TE45WT;
					};
					05B971C51804BE3100BCD658 = {
						TestTargetID = 05B971AA1804BE3100BCD658;
					};
				};
			};
			buildConfigurationList = 05B971A61804BE3100BCD658 /* Build configuration list for PBXProject "Fonster" */;
			compatibilityVersion = "Xcode 3.2";
			developmentRegion = English;
			hasScannedForEncodings = 0;
			knownRegions = (
				en,
			);
			mainGroup = 05B971A21804BE3100BCD658;
			productRefGroup = 05B971AC1804BE3100BCD658 /* Products */;
			projectDirPath = "";
			projectRoot = "";
			targets = (
				05B971AA1804BE3100BCD658 /* Fonster */,
				05B971C51804BE3100BCD658 /* FonsterTests */,
			);
		};
/* End PBXProject section */

/* Begin PBXResourcesBuildPhase section */
		05B971A91804BE3100BCD658 /* Resources */ = {
			isa = PBXResourcesBuildPhase;
			buildActionMask = 2147483647;
			files = (
				05E8BB9F180DB88B005E8899 /* Desktop.jpg in Resources */,
				05E8BB9B180DB23F005E8899 /* HomeIcon.png in Resources */,
				05E8BB821806C462005E8899 /* GenericFolderIcon.png in Resources */,
				05B971B91804BE3100BCD658 /* InfoPlist.strings in Resources */,
				05E8BB981806D652005E8899 /* GenericDeviceIcon.png in Resources */,
				05E8BB831806C462005E8899 /* GenericImageIcon.png in Resources */,
				05E8BB911806C70A005E8899 /* TCDesktopIconCell.xib in Resources */,
				05E8BB811806C462005E8899 /* GenericDocumentIcon.png in Resources */,
				05E8BB991806D652005E8899 /* GenericDeviceIcon~ipad.png in Resources */,
				05E8BB841806C462005E8899 /* GenericMovieIcon.png in Resources */,
				05E8BB9D180DB7E7005E8899 /* TextEdit.png in Resources */,
				05B971E11804BF0300BCD658 /* TCBrowser.storyboard in Resources */,
				05E8BB851806C462005E8899 /* GenericTextIcon.png in Resources */,
				05B971C11804BE3100BCD658 /* Images.xcassets in Resources */,
			);
			runOnlyForDeploymentPostprocessing = 0;
		};
		05B971C41804BE3100BCD658 /* Resources */ = {
			isa = PBXResourcesBuildPhase;
			buildActionMask = 2147483647;
			files = (
				05B971D21804BE3100BCD658 /* InfoPlist.strings in Resources */,
			);
			runOnlyForDeploymentPostprocessing = 0;
		};
/* End PBXResourcesBuildPhase section */

/* Begin PBXSourcesBuildPhase section */
		05B971A71804BE3100BCD658 /* Sources */ = {
			isa = PBXSourcesBuildPhase;
			buildActionMask = 2147483647;
			files = (
				05B971BB1804BE3100BCD658 /* main.m in Sources */,
				05E8BB861806C462005E8899 /* TCDirectoryViewController.m in Sources */,
				05B971DF1804BE5400BCD658 /* TCWindow.m in Sources */,
				05E8BB881806C462005E8899 /* TCTextViewerController.m in Sources */,
				05E8BB871806C462005E8899 /* TCImageViewerController.m in Sources */,
				05E8BB6818060425005E8899 /* TCWindowManager.m in Sources */,
				05E8BB7F1806C462005E8899 /* TCDVDirectoryWatcher.m in Sources */,
				05B971E41804C02100BCD658 /* TCBrowserViewController.m in Sources */,
				05E8BB8E1806C56E005E8899 /* TCDesktopViewController.m in Sources */,
				05B971BF1804BE3100BCD658 /* TCAppDelegate.m in Sources */,
				05E8BB891806C462005E8899 /* TCVideoViewerController.m in Sources */,
				05FBEB321A25150E0098D57B /* TCTaskbar.m in Sources */,
				05E8BB801806C462005E8899 /* TCDocumentViewerController.m in Sources */,
			);
			runOnlyForDeploymentPostprocessing = 0;
		};
		05B971C21804BE3100BCD658 /* Sources */ = {
			isa = PBXSourcesBuildPhase;
			buildActionMask = 2147483647;
			files = (
				05B971D41804BE3100BCD658 /* FonsterTests.m in Sources */,
			);
			runOnlyForDeploymentPostprocessing = 0;
		};
/* End PBXSourcesBuildPhase section */

/* Begin PBXTargetDependency section */
		05B971CC1804BE3100BCD658 /* PBXTargetDependency */ = {
			isa = PBXTargetDependency;
			target = 05B971AA1804BE3100BCD658 /* Fonster */;
			targetProxy = 05B971CB1804BE3100BCD658 /* PBXContainerItemProxy */;
		};
/* End PBXTargetDependency section */

/* Begin PBXVariantGroup section */
		05B971B71804BE3100BCD658 /* InfoPlist.strings */ = {
			isa = PBXVariantGroup;
			children = (
				05B971B81804BE3100BCD658 /* en */,
			);
			name = InfoPlist.strings;
			sourceTree = "<group>";
		};
		05B971D01804BE3100BCD658 /* InfoPlist.strings */ = {
			isa = PBXVariantGroup;
			children = (
				05B971D11804BE3100BCD658 /* en */,
			);
			name = InfoPlist.strings;
			sourceTree = "<group>";
		};
/* End PBXVariantGroup section */

/* Begin XCBuildConfiguration section */
		05B971D51804BE3100BCD658 /* Debug */ = {
			isa = XCBuildConfiguration;
			buildSettings = {
				ALWAYS_SEARCH_USER_PATHS = NO;
				ARCHS = "$(ARCHS_STANDARD_INCLUDING_64_BIT)";
				CLANG_CXX_LANGUAGE_STANDARD = "gnu++0x";
				CLANG_CXX_LIBRARY = "libc++";
				CLANG_ENABLE_MODULES = YES;
				CLANG_ENABLE_OBJC_ARC = YES;
				CLANG_WARN_BOOL_CONVERSION = YES;
				CLANG_WARN_CONSTANT_CONVERSION = YES;
				CLANG_WARN_DIRECT_OBJC_ISA_USAGE = YES_ERROR;
				CLANG_WARN_EMPTY_BODY = YES;
				CLANG_WARN_ENUM_CONVERSION = YES;
				CLANG_WARN_INT_CONVERSION = YES;
				CLANG_WARN_OBJC_ROOT_CLASS = YES_ERROR;
				CLANG_WARN__DUPLICATE_METHOD_MATCH = YES;
				"CODE_SIGN_IDENTITY[sdk=iphoneos*]" = "iPhone Developer";
				COPY_PHASE_STRIP = NO;
				GCC_C_LANGUAGE_STANDARD = gnu99;
				GCC_DYNAMIC_NO_PIC = NO;
				GCC_OPTIMIZATION_LEVEL = 0;
				GCC_PREPROCESSOR_DEFINITIONS = (
					"DEBUG=1",
					"$(inherited)",
				);
				GCC_SYMBOLS_PRIVATE_EXTERN = NO;
				GCC_WARN_64_TO_32_BIT_CONVERSION = YES;
				GCC_WARN_ABOUT_RETURN_TYPE = YES_ERROR;
				GCC_WARN_UNDECLARED_SELECTOR = YES;
				GCC_WARN_UNINITIALIZED_AUTOS = YES;
				GCC_WARN_UNUSED_FUNCTION = YES;
				GCC_WARN_UNUSED_VARIABLE = YES;
				IPHONEOS_DEPLOYMENT_TARGET = 7.0;
				ONLY_ACTIVE_ARCH = YES;
				SDKROOT = iphoneos;
				TARGETED_DEVICE_FAMILY = 2;
			};
			name = Debug;
		};
		05B971D61804BE3100BCD658 /* Release */ = {
			isa = XCBuildConfiguration;
			buildSettings = {
				ALWAYS_SEARCH_USER_PATHS = NO;
				ARCHS = "$(ARCHS_STANDARD_INCLUDING_64_BIT)";
				CLANG_CXX_LANGUAGE_STANDARD = "gnu++0x";
				CLANG_CXX_LIBRARY = "libc++";
				CLANG_ENABLE_MODULES = YES;
				CLANG_ENABLE_OBJC_ARC = YES;
				CLANG_WARN_BOOL_CONVERSION = YES;
				CLANG_WARN_CONSTANT_CONVERSION = YES;
				CLANG_WARN_DIRECT_OBJC_ISA_USAGE = YES_ERROR;
				CLANG_WARN_EMPTY_BODY = YES;
				CLANG_WARN_ENUM_CONVERSION = YES;
				CLANG_WARN_INT_CONVERSION = YES;
				CLANG_WARN_OBJC_ROOT_CLASS = YES_ERROR;
				CLANG_WARN__DUPLICATE_METHOD_MATCH = YES;
				"CODE_SIGN_IDENTITY[sdk=iphoneos*]" = "iPhone Developer";
				COPY_PHASE_STRIP = YES;
				ENABLE_NS_ASSERTIONS = NO;
				GCC_C_LANGUAGE_STANDARD = gnu99;
				GCC_WARN_64_TO_32_BIT_CONVERSION = YES;
				GCC_WARN_ABOUT_RETURN_TYPE = YES_ERROR;
				GCC_WARN_UNDECLARED_SELECTOR = YES;
				GCC_WARN_UNINITIALIZED_AUTOS = YES;
				GCC_WARN_UNUSED_FUNCTION = YES;
				GCC_WARN_UNUSED_VARIABLE = YES;
				IPHONEOS_DEPLOYMENT_TARGET = 7.0;
				SDKROOT = iphoneos;
				TARGETED_DEVICE_FAMILY = 2;
				VALIDATE_PRODUCT = YES;
			};
			name = Release;
		};
		05B971D81804BE3100BCD658 /* Debug */ = {
			isa = XCBuildConfiguration;
			buildSettings = {
				ASSETCATALOG_COMPILER_APPICON_NAME = AppIcon;
				ASSETCATALOG_COMPILER_LAUNCHIMAGE_NAME = LaunchImage;
				CODE_SIGN_IDENTITY = "iPhone Developer";
				"CODE_SIGN_IDENTITY[sdk=iphoneos*]" = "iPhone Developer";
				GCC_PRECOMPILE_PREFIX_HEADER = YES;
				GCC_PREFIX_HEADER = "Fonster/Fonster-Prefix.pch";
				INFOPLIST_FILE = "Fonster/Fonster-Info.plist";
				PRODUCT_NAME = "$(TARGET_NAME)";
				PROVISIONING_PROFILE = "";
				WRAPPER_EXTENSION = app;
			};
			name = Debug;
		};
		05B971D91804BE3100BCD658 /* Release */ = {
			isa = XCBuildConfiguration;
			buildSettings = {
				ASSETCATALOG_COMPILER_APPICON_NAME = AppIcon;
				ASSETCATALOG_COMPILER_LAUNCHIMAGE_NAME = LaunchImage;
				CODE_SIGN_IDENTITY = "iPhone Developer";
				"CODE_SIGN_IDENTITY[sdk=iphoneos*]" = "iPhone Developer";
				GCC_PRECOMPILE_PREFIX_HEADER = YES;
				GCC_PREFIX_HEADER = "Fonster/Fonster-Prefix.pch";
				INFOPLIST_FILE = "Fonster/Fonster-Info.plist";
				PRODUCT_NAME = "$(TARGET_NAME)";
				PROVISIONING_PROFILE = "";
				WRAPPER_EXTENSION = app;
			};
			name = Release;
		};
		05B971DB1804BE3100BCD658 /* Debug */ = {
			isa = XCBuildConfiguration;
			buildSettings = {
				ARCHS = "$(ARCHS_STANDARD_INCLUDING_64_BIT)";
				BUNDLE_LOADER = "$(BUILT_PRODUCTS_DIR)/Fonster.app/Fonster";
				FRAMEWORK_SEARCH_PATHS = (
					"$(SDKROOT)/Developer/Library/Frameworks",
					"$(inherited)",
					"$(DEVELOPER_FRAMEWORKS_DIR)",
				);
				GCC_PRECOMPILE_PREFIX_HEADER = YES;
				GCC_PREFIX_HEADER = "Fonster/Fonster-Prefix.pch";
				GCC_PREPROCESSOR_DEFINITIONS = (
					"DEBUG=1",
					"$(inherited)",
				);
				INFOPLIST_FILE = "FonsterTests/FonsterTests-Info.plist";
				PRODUCT_NAME = "$(TARGET_NAME)";
				TEST_HOST = "$(BUNDLE_LOADER)";
				WRAPPER_EXTENSION = xctest;
			};
			name = Debug;
		};
		05B971DC1804BE3100BCD658 /* Release */ = {
			isa = XCBuildConfiguration;
			buildSettings = {
				ARCHS = "$(ARCHS_STANDARD_INCLUDING_64_BIT)";
				BUNDLE_LOADER = "$(BUILT_PRODUCTS_DIR)/Fonster.app/Fonster";
				FRAMEWORK_SEARCH_PATHS = (
					"$(SDKROOT)/Developer/Library/Frameworks",
					"$(inherited)",
					"$(DEVELOPER_FRAMEWORKS_DIR)",
				);
				GCC_PRECOMPILE_PREFIX_HEADER = YES;
				GCC_PREFIX_HEADER = "Fonster/Fonster-Prefix.pch";
				INFOPLIST_FILE = "FonsterTests/FonsterTests-Info.plist";
				PRODUCT_NAME = "$(TARGET_NAME)";
				TEST_HOST = "$(BUNDLE_LOADER)";
				WRAPPER_EXTENSION = xctest;
			};
			name = Release;
		};
/* End XCBuildConfiguration section */

/* Begin XCConfigurationList section */
		05B971A61804BE3100BCD658 /* Build configuration list for PBXProject "Fonster" */ = {
			isa = XCConfigurationList;
			buildConfigurations = (
				05B971D51804BE3100BCD658 /* Debug */,
				05B971D61804BE3100BCD658 /* Release */,
			);
			defaultConfigurationIsVisible = 0;
			defaultConfigurationName = Release;
		};
		05B971D71804BE3100BCD658 /* Build configuration list for PBXNativeTarget "Fonster" */ = {
			isa = XCConfigurationList;
			buildConfigurations = (
				05B971D81804BE3100BCD658 /* Debug */,
				05B971D91804BE3100BCD658 /* Release */,
			);
			defaultConfigurationIsVisible = 0;
			defaultConfigurationName = Release;
		};
		05B971DA1804BE3100BCD658 /* Build configuration list for PBXNativeTarget "FonsterTests" */ = {
			isa = XCConfigurationList;
			buildConfigurations = (
				05B971DB1804BE3100BCD658 /* Debug */,
				05B971DC1804BE3100BCD658 /* Release */,
			);
			defaultConfigurationIsVisible = 0;
			defaultConfigurationName = Release;
		};
/* End XCConfigurationList section */
	};
	rootObject = 05B971A31804BE3100BCD658 /* Project object */;
}
